# This file is autogenerated, do not edit; changes may be undone by the next 'dep ensure'.


[[projects]]
  digest = "1:a26f8da48b22e6176c1c6a2459904bb30bd0c49ada04b2963c2c3a203e81a620"
  name = "github.com/Masterminds/semver"
  packages = ["."]
  pruneopts = "NUT"
  revision = "c7af12943936e8c39859482e61f0574c2fd7fc75"
  version = "v1.4.2"

[[projects]]
  digest = "1:f4e8125a43b7dda59dfb4c5322a34a2777b16831fe788875ab1f3226866d3e6f"
  name = "github.com/RoaringBitmap/roaring"
  packages = ["."]
  pruneopts = "NUT"
  revision = "361768d03f0924093d3eed7623f3cf58392620f4"
  version = "v0.4.9"

[[projects]]
  branch = "master"
  digest = "1:66c45ee8f46f9577334a36ef2c1f20b25dbcf7cc3cfc45d6d57bbf9362536bf4"
  name = "github.com/anacrolix/dht"
  packages = [
    ".",
    "krpc",
  ]
  pruneopts = "NUT"
  revision = "3a61693189d84b2029ab942f47e41aaab5602d8b"

[[projects]]
  branch = "master"
  digest = "1:e1e9649f7a251a12dc8431a90a6aba315ee50cfc267b2fb6d486bcfc5495e3b4"
  name = "github.com/anacrolix/go-libutp"
  packages = ["."]
  pruneopts = "NUT"
  revision = "6189d518d39b1b1d669573c849e337eeb6db9d33"

[[projects]]
  branch = "master"
  digest = "1:af0b27d210be3f9e0f155cd12924230fc81cb72c9710f61afca1027ca8ec44f0"
  name = "github.com/anacrolix/log"
  packages = ["."]
  pruneopts = "NUT"
  revision = "2323884b361d84490c06cf5f4e8f8f3f8b6abd67"

[[projects]]
  branch = "master"
  digest = "1:641f6d52aea98f5d6b3d72243d06877722f20b7d344d8e3c29a90da10110a169"
  name = "github.com/anacrolix/missinggo"
  packages = [
    ".",
    "bitmap",
    "expect",
    "httptoo",
    "inproc",
    "iter",
    "mime",
    "orderedmap",
    "perf",
    "pproffd",
    "prioritybitmap",
    "pubsub",
    "resource",
    "slices",
    "x",
  ]
  pruneopts = "NUT"
  revision = "ca16e9f398a905bb3100a03a90959fba127c31a1"

[[projects]]
  branch = "master"
  digest = "1:da88a5f13467186684abd16aa6f85544af6243a9111bf0d0677a92788a15ec7a"
  name = "github.com/anacrolix/mmsg"
  packages = [
    ".",
    "socket",
  ]
  pruneopts = "NUT"
  revision = "a4a3ba1fc8bb6400db01c47508156bf9c67156c6"

[[projects]]
  branch = "master"
  digest = "1:81521830ebe455d1471044e2fdd4d0562ae93b8c04549d5097b2d4b6336c1ac8"
  name = "github.com/anacrolix/sync"
  packages = ["."]
  pruneopts = "NUT"
  revision = "3870fa5b90c5418faca1864cdc0cb1b6bb155aa8"

[[projects]]
  branch = "master"
  digest = "1:20b025c53f3789a42704dbc835f19d101590fbb8c2f820d8f652fb8182b6a1cb"
  name = "github.com/anacrolix/torrent"
  packages = [
    ".",
    "bencode",
    "iplist",
    "logonce",
    "metainfo",
    "mmap_span",
    "mse",
    "peer_protocol",
    "storage",
    "tracker",
  ]
  pruneopts = "NUT"
  revision = "f6ed514c3b73c2da451c5a55b0ffa4b2d0924341"

[[projects]]
  branch = "master"
  digest = "1:ef9ef98627709f77a209b417b8f469fe9eb18052ac144363c0d003a144780d2b"
  name = "github.com/anacrolix/utp"
  packages = ["."]
  pruneopts = "NUT"
  revision = "9e0e1d1d0572f5a09a669d4ea0372d8e8078dcc9"

[[projects]]
  digest = "1:1900182fad9884a6fa45d3ecbc19c1cdeef125c07b26d1bde5791a2b4214b06f"
  name = "github.com/bkaradzic/go-lz4"
  packages = ["."]
  pruneopts = "NUT"
  revision = "74ddf82598bc4745b965729e9c6a463bedd33049"
  version = "v1.0.0"

[[projects]]
  digest = "1:69b95d47eef70cba62af2aa3d33bd5f9ffe9fa0be66d79d79150c38796c6eac1"
  name = "github.com/bmatcuk/doublestar"
  packages = ["."]
  pruneopts = "NUT"
  revision = "b3608229437ba4dc33dae64d56a79a2a73f1f6b2"
  version = "v1.0.9"

[[projects]]
  digest = "1:a12d94258c5298ead75e142e8001224bf029f302fed9e96cd39c0eaf90f3954d"
  name = "github.com/boltdb/bolt"
  packages = ["."]
  pruneopts = "NUT"
  revision = "2f1ce7a837dcb8da3ec595b1dac9d0632f0f99e8"
  version = "v1.3.1"

[[projects]]
  branch = "master"
  digest = "1:bbd8a010b367d4442b3579d1458697dae8ad0b7c8bcdd9223a940039707034f0"
  name = "github.com/bradfitz/iter"
  packages = ["."]
  pruneopts = "NUT"
  revision = "454541ec3da2a73fc34fd049b19ee5777bf19345"

[[projects]]
  digest = "1:1afa8448232356b62dd813a897a865c85d3394616d946e5832620847bc49e073"
  name = "github.com/calmh/du"
  packages = ["."]
  pruneopts = "NUT"
  revision = "dd9dc2043353249b2910b29dcfd6f6d4e64f39be"
  version = "v1.0.1"

[[projects]]
  digest = "1:95a6b01ee89169f3ed537aabf668b74ddedee6ff8f40f7b14f7170f4d41e0e80"
  name = "github.com/calmh/xdr"
  packages = ["."]
  pruneopts = "NUT"
  revision = "08e072f9cb164f943a92eb59f90f3abc64ac6e8f"
  version = "v1.1.0"

[[projects]]
  branch = "master"
  digest = "1:58927c45bfdcd6550e5f1ab008eeeb6951474a232afa1dc690583f26c5f92cbd"
  name = "github.com/charlievieth/fs"
  packages = ["."]
  pruneopts = "NUT"
  revision = "7dc373669fa10ddf827c37c595dee30a2f001be9"

[[projects]]
  digest = "1:ea07e3ce599a5323383b0809c413d4532773741206c8c2ec38cb789408ad074e"
  name = "github.com/cheggaaa/pb"
  packages = ["."]
  pruneopts = "NUT"
  revision = "c112833d014c77e8bde723fd0158e3156951639f"
  version = "v2.0.6"

[[projects]]
  branch = "master"
  digest = "1:6b48145085df4401bc70473cc4da1a3b9f98a79232fe59855083eaaea90567c5"
  name = "github.com/cloudfoundry/bosh-utils"
  packages = [
    "errors",
    "logger",
    "system",
  ]
  pruneopts = "NUT"
  revision = "b082aa9a81950fa8df1a969575319417b1e073f4"

[[projects]]
  digest = "1:a2c1d0e43bd3baaa071d1b9ed72c27d78169b2b269f71c105ac4ba34b1be4a39"
  name = "github.com/davecgh/go-spew"
  packages = ["spew"]
  pruneopts = "NUT"
  revision = "346938d642f2ec3594ed81d874461961cd0faa76"
  version = "v1.1.0"

[[projects]]
  branch = "master"
  digest = "1:b7ffca49e9cfd3dfb04a8e0a59347708c6f78f68476a32c5e0a0edca5d1b258c"
  name = "github.com/dustin/go-humanize"
  packages = ["."]
  pruneopts = "NUT"
  revision = "02af3965c54e8cacf948b97fef38925c4120652c"

[[projects]]
  branch = "master"
  digest = "1:7e2a28602fd65774c79a780a9c32a7a82d180e5a93bb5a36a6beb8619e24a35b"
  name = "github.com/edsrzf/mmap-go"
  packages = ["."]
  pruneopts = "NUT"
  revision = "0bce6a6887123b67a60366d2c9fe2dfb74289d2e"

[[projects]]
  branch = "master"
  digest = "1:ccee1c7954f7296e324a0832b7a4a0a38ea7e51145375fd837283652366c3653"
  name = "github.com/glycerine/go-unsnap-stream"
  packages = ["."]
  pruneopts = "NUT"
  revision = "9f0cb55181dd3a0a4c168d3dbc72d4aca4853126"

[[projects]]
  digest = "1:30b09d75e7e16119e85020374df10ea06f263c9bdff72afdc1522838b9609375"
  name = "github.com/go-ini/ini"
  packages = ["."]
  pruneopts = "NUT"
  revision = "06f5f3d67269ccec1fe5fe4134ba6e982984f7f5"
  version = "v1.37.0"

[[projects]]
  digest = "1:2e15dd2dcea234f9f10e96041a3862830d10feadf8fd9c3795ca71fcb4cf2a3d"
  name = "github.com/gogo/protobuf"
  packages = [
    "gogoproto",
    "proto",
    "protoc-gen-gogo/descriptor",
  ]
  pruneopts = "NUT"
  revision = "1adfc126b41513cc696b209667c8656ea7aac67c"
  version = "v1.0.0"

[[projects]]
  branch = "master"
  digest = "1:7f114b78210bf5b75f307fc97cff293633c835bab1e0ea8a744a44b39c042dfe"
  name = "github.com/golang/snappy"
  packages = ["."]
  pruneopts = "NUT"
  revision = "2e65f85255dbc3072edf28d6b5b8efc472979f5a"

[[projects]]
  branch = "master"
  digest = "1:245bd4eb633039cd66106a5d340ae826d87f4e36a8602fcc940e14176fd26ea7"
  name = "github.com/google/btree"
  packages = ["."]
  pruneopts = "NUT"
  revision = "e89373fe6b4a7413d7acd6da1725b83ef713e6e4"

[[projects]]
  digest = "1:41933d387bfa3eaa6a82647914ed7044f7b8355764c24fb920892bc8c03ef0c3"
  name = "github.com/hpcloud/tail"
  packages = [
    ".",
    "ratelimiter",
    "util",
    "watch",
    "winfile",
  ]
  pruneopts = "NUT"
  revision = "a30252cb686a21eb2d0b98132633053ec2f7f1e5"
  version = "v1.0.0"

[[projects]]
  digest = "1:f5db19d350bd0b542d17f7e7cf4e7068bac416c08adb6a129b3c6d1db8211051"
  name = "github.com/huandu/xstrings"
  packages = ["."]
  pruneopts = "NUT"
  revision = "2bf18b218c51864a87384c06996e40ff9dcff8e1"
  version = "v1.0.0"

[[projects]]
  digest = "1:d0fbb40af7faf9cc62d1728be5fdd140ae17ce6e2aac6371971a0a6a2cc139d3"
  name = "github.com/jessevdk/go-flags"
  packages = ["."]
  pruneopts = "NUT"
  revision = "c6ca198ec95c841fdb89fc0de7496fed11ab854e"
  version = "v1.4.0"

[[projects]]
  branch = "master"
  digest = "1:7fa88fe51377cfd7a66a8258f1aaca67f5f37cbc8be7d1d920da967dc955b9d7"
  name = "github.com/jlaffaye/ftp"
  packages = ["."]
  pruneopts = "NUT"
  revision = "2403248fa8cc9f7909862627aa7337f13f8e0bf1"

[[projects]]
  branch = "master"
  digest = "1:263f9b0a0bcbfff9d5e7d9f2aa11f53995d98214fe0fb97e429e7a5f4534a0f9"
  name = "github.com/kardianos/osext"
  packages = ["."]
  pruneopts = "NUT"
  revision = "ae77be60afb1dcacde03767a8c37337fad28ac14"

[[projects]]
  branch = "master"
  digest = "1:cf68a79fd02ab0f6942b9567d03d054b6568212fcc22de2a4afdefd096923749"
  name = "github.com/kballard/go-shellquote"
  packages = ["."]
  pruneopts = "NUT"
  revision = "95032a82bc518f77982ea72343cc1ade730072f0"

[[projects]]
  digest = "1:08c231ec84231a7e23d67e4b58f975e1423695a32467a362ee55a803f9de8061"
  name = "github.com/mattn/go-colorable"
  packages = ["."]
  pruneopts = "NUT"
  revision = "167de6bfdfba052fa6b2d3664c8f5272e23c9072"
  version = "v0.0.9"

[[projects]]
  digest = "1:bc4f7eec3b7be8c6cb1f0af6c1e3333d5bb71072951aaaae2f05067b0803f287"
  name = "github.com/mattn/go-isatty"
  packages = ["."]
  pruneopts = "NUT"
  revision = "0360b2af4f38e8d38c7fce2a9f4e702702d73a39"
  version = "v0.0.3"

[[projects]]
  digest = "1:536979f1c56397dbf91c2785159b37dec37e35d3bffa3cd1cfe66d25f51f8088"
  name = "github.com/mattn/go-sqlite3"
  packages = ["."]
  pruneopts = "NUT"
  revision = "323a32be5a2421b8c7087225079c6c900ec397cd"
  version = "v1.7.0"

[[projects]]
  digest = "1:a92c2b0db6011ea88c713416bf94501f273b442ad85db3408bb7afc7c9c14d20"
  name = "github.com/minio/minio-go"
  packages = [
    ".",
    "pkg/credentials",
    "pkg/encrypt",
    "pkg/s3signer",
    "pkg/s3utils",
    "pkg/set",
  ]
  pruneopts = "NUT"
  revision = "034ea465b079a920e0720e3e1e0cbf5ccfeb6373"
  version = "v6.0.2"

[[projects]]
  branch = "master"
  digest = "1:cf04232ab92b4e6344c71e8141fd843024a95295993a4dd2e04ef8e4baba2d0b"
  name = "github.com/minio/sha256-simd"
  packages = ["."]
  pruneopts = "NUT"
  revision = "ad98a36ba0da87206e3378c556abbfeaeaa98668"

[[projects]]
  branch = "master"
  digest = "1:9db29b604bd78452d167abed82386ddd2f93973df3841896fb6ab8aff936f1d6"
  name = "github.com/mitchellh/go-homedir"
  packages = ["."]
  pruneopts = "NUT"
  revision = "3864e76763d94a6df2f9960b16a20a33da9f9a66"

[[projects]]
  branch = "master"
  digest = "1:874d20d479aa479b2ed0200ac565e809d8ff849f672a04e7a21536069eba1cdd"
  name = "github.com/mschoch/smat"
  packages = ["."]
  pruneopts = "NUT"
  revision = "90eadee771aeab36e8bf796039b8c261bebebe4f"

[[projects]]
  digest = "1:9c88c09de47a47bbc7e7d1cad7dbe963edc6b2f27b89ac8591ea7cc60cd376d3"
  name = "github.com/onsi/ginkgo"
  packages = [
    ".",
    "config",
    "extensions/table",
    "internal/codelocation",
    "internal/containernode",
    "internal/failer",
    "internal/leafnodes",
    "internal/remote",
    "internal/spec",
    "internal/spec_iterator",
    "internal/specrunner",
    "internal/suite",
    "internal/testingtproxy",
    "internal/writer",
    "reporters",
    "reporters/stenographer",
    "reporters/stenographer/support/go-colorable",
    "reporters/stenographer/support/go-isatty",
    "types",
  ]
  pruneopts = "NUT"
  revision = "2e1be8f7d90e9d3e3e58b0ce470f2f14d075406f"
  version = "v1.7.0"

[[projects]]
  digest = "1:450495ee4de4bf794a5c92db6530c9248227031a69beca1382454ca41b0f92ca"
  name = "github.com/onsi/gomega"
  packages = [
    ".",
    "format",
    "internal/assertion",
    "internal/asyncassertion",
    "internal/oraclematcher",
    "internal/testingtsupport",
    "matchers",
    "matchers/support/goraph/bipartitegraph",
    "matchers/support/goraph/edge",
    "matchers/support/goraph/node",
    "matchers/support/goraph/util",
    "types",
  ]
  pruneopts = "NUT"
  revision = "62bff4df71bdbc266561a0caee19f0594b17c240"
  version = "v1.4.0"

[[projects]]
  branch = "master"
  digest = "1:3bf17a6e6eaa6ad24152148a631d18662f7212e21637c2699bff3369b7f00fa2"
  name = "github.com/petar/GoLLRB"
  packages = ["llrb"]
  pruneopts = "NUT"
  revision = "53be0d36a84c2a886ca057d34b6aa4468df9ccb4"

[[projects]]
  branch = "master"
  digest = "1:ef6f545f048a0e64f3ec7a0709149e6c01af28f99b4b1e518e9f9db5e8036579"
  name = "github.com/petermattis/goid"
  packages = ["."]
  pruneopts = "NUT"
  revision = "b0b1615b78e5ee59739545bb38426383b2cda4c9"

[[projects]]
  digest = "1:44c66ad69563dbe3f8e76d7d6cad21a03626e53f1875b5ab163ded419e01ca7a"
  name = "github.com/philhofer/fwd"
  packages = ["."]
  pruneopts = "NUT"
  revision = "bb6d471dc95d4fe11e432687f8b70ff496cf3136"
  version = "v1.0.0"

[[projects]]
  digest = "1:5cf3f025cbee5951a4ee961de067c8a89fc95a5adabead774f82822efabab121"
  name = "github.com/pkg/errors"
  packages = ["."]
  pruneopts = "NUT"
  revision = "645ef00459ed84a119197bfb8d8205042c6df63d"
  version = "v0.8.0"

[[projects]]
  branch = "master"
  digest = "1:8bc4ea931d51467ab9dd8c1fb6213625e7ac1de24a4883e992a1b0b713a8d1eb"
  name = "github.com/ryszard/goskiplist"
  packages = ["skiplist"]
  pruneopts = "NUT"
  revision = "2dfbae5fcf46374f166f8969cb07e167f1be6273"

[[projects]]
  digest = "1:b4172dc5c988d904d5806acc6a010d9c988b547b06ce068b3a48d9ccb965c361"
  name = "github.com/sasha-s/go-deadlock"
  packages = ["."]
  pruneopts = "NUT"
  revision = "03d40e5dbd5488667a13b3c2600b2f7c2886f02f"
  version = "v0.2.0"

[[projects]]
  digest = "1:6989062eb7ccf25cf38bf4fe3dba097ee209f896cda42cefdca3927047bef7b6"
  name = "github.com/sirupsen/logrus"
  packages = ["."]
  pruneopts = "NUT"
  revision = "c155da19408a8799da419ed3eeb0cb5db0ad5dbc"
  version = "v1.0.5"

[[projects]]
  digest = "1:96ea40e8fab1400b769ff9669dd7f7de613c3a1943dd7f451c4ccbb05115bcaa"
  name = "github.com/spaolacci/murmur3"
  packages = ["."]
  pruneopts = "NUT"
  revision = "9f5d223c60793748f04a9d5b4b4eacddfc1f755d"
  version = "v1.1"

[[projects]]
  branch = "master"
  digest = "1:22c12b035edb2b40b128c6870ff0a4cce632b3199f9ea791fcd7b2162bb8b3c6"
  name = "github.com/syncthing/notify"
  packages = ["."]
  pruneopts = "NUT"
  revision = "b9ceffc925039c77cd9e0d38f248279ccc4399e2"

[[projects]]
  digest = "1:b8b8a6d74f68e79caae818dd797c5e11a7d6aafa35fd297bdcb3de981301d51f"
  name = "github.com/syncthing/syncthing"
  packages = [
    "lib/config",
    "lib/dialer",
    "lib/events",
    "lib/fs",
    "lib/logger",
    "lib/nat",
    "lib/osutil",
    "lib/protocol",
    "lib/rand",
    "lib/sha256",
    "lib/signature",
    "lib/sync",
    "lib/upgrade",
    "lib/upnp",
    "lib/util",
    "lib/versioner",
  ]
  pruneopts = "NUT"
  revision = "92602485434d17b473b2034b4291d29d869c4076"
  version = "v0.14.48"

[[projects]]
  digest = "1:eaa6698f44de8f2977e93c9b946e60a8af75f565058658aad2df8032b55c84e5"
  name = "github.com/tinylib/msgp"
  packages = ["msgp"]
  pruneopts = "NUT"
  revision = "b2b6a672cf1e5b90748f79b8b81fc8c5cf0571a1"
  version = "1.0.2"

[[projects]]
  digest = "1:8dec56eca8bcdce50ea9d4a0a973e941b5178b969d1f1ab9c1aab0102502d33a"
  name = "github.com/willf/bitset"
  packages = ["."]
  pruneopts = "NUT"
  revision = "d860f346b89450988a379d7d705e83c58d1ea227"
  version = "v1.1.3"

[[projects]]
  digest = "1:8620cb07821e255e2d7c63a4b7877db5bee2b93020bb46292ec40853fa314d00"
  name = "github.com/willf/bloom"
  packages = ["."]
  pruneopts = "NUT"
  revision = "54e3b963ee1652b06c4562cb9b6020ebc6e36e59"
  version = "v2.0.3"

[[projects]]
  branch = "master"
  digest = "1:b000c956aae87928a3103417797e577d96628ae500446aa1f7e1c6a34bef575d"
  name = "golang.org/x/crypto"
  packages = [
    "argon2",
    "blake2b",
    "cast5",
    "openpgp",
    "openpgp/armor",
    "openpgp/elgamal",
    "openpgp/errors",
    "openpgp/packet",
    "openpgp/s2k",
    "ssh/terminal",
  ]
  pruneopts = "NUT"
  revision = "8ac0e0d97ce45cd83d1d7243c060cb8461dda5e9"

[[projects]]
  branch = "master"
  digest = "1:270c72fa1188e077c4a68d16e2c17dbd89258907ceeb85a0d7d69e129978b6fe"
  name = "golang.org/x/net"
  packages = [
    "bpf",
    "context",
    "html",
    "html/atom",
    "html/charset",
    "http/httpguts",
    "idna",
    "internal/iana",
    "internal/socket",
    "internal/socks",
    "ipv4",
    "ipv6",
    "proxy",
  ]
  pruneopts = "NUT"
  revision = "1e491301e022f8f977054da4c2d852decd59571f"

[[projects]]
  branch = "master"
  digest = "1:22e3cc298bda76f1f51d8d4c61c2221039f7f0d7320604ee1df866a3c6e115b5"
  name = "golang.org/x/sys"
  packages = [
    "cpu",
    "unix",
    "windows",
  ]
  pruneopts = "NUT"
  revision = "9527bec2660bd847c050fda93a0f0c6dee0800bb"

[[projects]]
  digest = "1:8a12cbc891b7130d3f660f8a309e5c0b083f831e6ac38cdaa1f12e63c12d6bea"
  name = "golang.org/x/text"
  packages = [
    "collate",
    "collate/build",
    "encoding",
    "encoding/charmap",
    "encoding/htmlindex",
    "encoding/internal",
    "encoding/internal/identifier",
    "encoding/japanese",
    "encoding/korean",
    "encoding/simplifiedchinese",
    "encoding/traditionalchinese",
    "encoding/unicode",
    "internal/colltab",
    "internal/gen",
    "internal/tag",
    "internal/triegen",
    "internal/ucd",
    "internal/utf8internal",
    "language",
    "runes",
    "secure/bidirule",
    "transform",
    "unicode/bidi",
    "unicode/cldr",
    "unicode/norm",
    "unicode/rangetable",
  ]
  pruneopts = "NUT"
  revision = "f21a4dfb5e38f5895301dc265a8def02365cc3d0"
  version = "v0.3.0"

[[projects]]
  branch = "master"
  digest = "1:c9e7a4b4d47c0ed205d257648b0e5b0440880cb728506e318f8ac7cd36270bc4"
  name = "golang.org/x/time"
  packages = ["rate"]
  pruneopts = "NUT"
  revision = "fbb02b2291d28baffd63558aa44b4b56f178d650"

[[projects]]
  digest = "1:dde06cba636162cd41df016518e771b1f1e156edadde221e04bd0c35f0564488"
  name = "gopkg.in/VividCortex/ewma.v1"
  packages = ["."]
  pruneopts = "NUT"
  revision = "b24eb346a94c3ba12c1da1e564dbac1b498a77ce"
  version = "v1.1.1"

[[projects]]
  digest = "1:256938e7d43c73bd5e7bb97dd281d1ebe294b2928403ee1fbec96249915d1150"
  name = "gopkg.in/cheggaaa/pb.v2"
  packages = ["termutil"]
  pruneopts = "NUT"
  revision = "c112833d014c77e8bde723fd0158e3156951639f"
  version = "v2.0.6"

[[projects]]
  digest = "1:ade392a843b2035effb4b4a2efa2c3bab3eb29b992e98bacf9c898b0ecb54e45"
  name = "gopkg.in/fatih/color.v1"
  packages = ["."]
  pruneopts = "NUT"
  revision = "5b77d2a35fb0ede96d138fc9a99f5c9b6aef11b4"
  version = "v1.7.0"

[[projects]]
  digest = "1:1b91ae0dc69a41d4c2ed23ea5cffb721ea63f5037ca4b81e6d6771fbb8f45129"
  name = "gopkg.in/fsnotify.v1"
  packages = ["."]
  pruneopts = "NUT"
  revision = "c2828203cd70a50dcccfb2761f8b1f8ceef9a8e9"
  source = "https://github.com/fsnotify/fsnotify.git"
  version = "v1.4.7"

[[projects]]
  digest = "1:08c231ec84231a7e23d67e4b58f975e1423695a32467a362ee55a803f9de8061"
  name = "gopkg.in/mattn/go-colorable.v0"
  packages = ["."]
  pruneopts = "NUT"
  revision = "167de6bfdfba052fa6b2d3664c8f5272e23c9072"
  version = "v0.0.9"

[[projects]]
  digest = "1:bc4f7eec3b7be8c6cb1f0af6c1e3333d5bb71072951aaaae2f05067b0803f287"
  name = "gopkg.in/mattn/go-isatty.v0"
  packages = ["."]
  pruneopts = "NUT"
  revision = "0360b2af4f38e8d38c7fce2a9f4e702702d73a39"
  version = "v0.0.3"

[[projects]]
  digest = "1:cb591533458f6eb6e2c1065ff3eac6b50263d7847deb23fc9f79b25bc608970e"
  name = "gopkg.in/mattn/go-runewidth.v0"
  packages = ["."]
  pruneopts = "NUT"
  revision = "9e777a8366cce605130a531d2cd6363d07ad7317"
  version = "v0.0.2"

[[projects]]
  branch = "v1"
  digest = "1:8fb1ccb16a6cfecbfdfeb84d8ea1cc7afa8f9ef16526bc2326f72d993e32cef1"
  name = "gopkg.in/tomb.v1"
  packages = ["."]
  pruneopts = "NUT"
  revision = "dd632973f1e7218eb1089048e0798ec9ae7dceb8"

[[projects]]
  digest = "1:7c95b35057a0ff2e19f707173cc1a947fa43a6eb5c4d300d196ece0334046082"
  name = "gopkg.in/yaml.v2"
  packages = ["."]
  pruneopts = "NUT"
  revision = "5420a8b6744d3b0345ab293f6fcba19c978f1183"
  version = "v2.2.1"

[solve-meta]
  analyzer-name = "dep"
  analyzer-version = 1
  input-imports = [
    "github.com/Masterminds/semver",
    "github.com/anacrolix/missinggo",
    "github.com/anacrolix/torrent",
    "github.com/anacrolix/torrent/metainfo",
    "github.com/cheggaaa/pb",
    "github.com/cloudfoundry/bosh-utils/logger",
    "github.com/cloudfoundry/bosh-utils/system",
    "github.com/jessevdk/go-flags",
    "github.com/jlaffaye/ftp",
    "github.com/minio/minio-go",
    "github.com/onsi/ginkgo",
    "github.com/onsi/ginkgo/extensions/table",
    "github.com/onsi/gomega",
    "github.com/pkg/errors",
    "golang.org/x/crypto/openpgp",
  ]
  solver-name = "gps-cdcl"
  solver-version = 1
